
Microsoft Visual Studio Solution File, Format Version 12.00
# Visual Studio 14
VisualStudioVersion = 14.0.25123.0
MinimumVisualStudioVersion = 10.0.40219.1
Project("{FAE04EC0-301F-11D3-BF4B-00C04F79EFBC}") = "TopGunSyllabus.Core", "TopGunSyllabus.Core\TopGunSyllabus.Core.csproj", "{FF50E741-11DB-4FAF-8094-05E3515A995D}"
EndProject
Project("{FAE04EC0-301F-11D3-BF4B-00C04F79EFBC}") = "TopGunSyllabus", "TopGunSyllabus\TopGunSyllabus.csproj", "{102E5253-5697-45B2-B1F3-44F13AF6B79B}"
EndProject
Global
	GlobalSection(SolutionConfigurationPlatforms) = preSolution
		Debug|Any CPU = Debug|Any CPU
		Release|Any CPU = Release|Any CPU
	EndGlobalSection
	GlobalSection(ProjectConfigurationPlatforms) = postSolution
		{FF50E741-11DB-4FAF-8094-05E3515A995D}.Debug|Any CPU.ActiveCfg = Debug|Any CPU
		{FF50E741-11DB-4FAF-8094-05E3515A995D}.Debug|Any CPU.Build.0 = Debug|Any CPU
		{FF50E741-11DB-4FAF-8094-05E3515A995D}.Debug|Any CPU.Deploy.0 = Debug|Any CPU
		{FF50E741-11DB-4FAF-8094-05E3515A995D}.Release|Any CPU.ActiveCfg = Release|Any CPU
		{FF50E741-11DB-4FAF-8094-05E3515A995D}.Release|Any CPU.Build.0 = Release|Any CPU
		{102E5253-5697-45B2-B1F3-44F13AF6B79B}.Debug|Any CPU.ActiveCfg = Debug|Any CPU
		{102E5253-5697-45B2-B1F3-44F13AF6B79B}.Debug|Any CPU.Build.0 = Debug|Any CPU
		{102E5253-5697-45B2-B1F3-44F13AF6B79B}.Debug|Any CPU.Deploy.0 = Debug|Any CPU
		{102E5253-5697-45B2-B1F3-44F13AF6B79B}.Release|Any CPU.ActiveCfg = Release|Any CPU
		{102E5253-5697-45B2-B1F3-44F13AF6B79B}.Release|Any CPU.Build.0 = Release|Any CPU
		{102E5253-5697-45B2-B1F3-44F13AF6B79B}.Release|Any CPU.Deploy.0 = Release|Any CPU
	EndGlobalSection
	GlobalSection(SolutionProperties) = preSolution
		HideSolutionNode = FALSE
	EndGlobalSection
EndGlobal
